
Microsoft Visual Studio Solution File, Format Version 12.00
# Visual Studio 15
VisualStudioVersion = 15.0.26114.0
MinimumVisualStudioVersion = 10.0.40219.1
Project("{FAE04EC0-301F-11D3-BF4B-00C04F79EFBC}") = "Microsoft.VisualStudio.Validation.Tests.Portable", "Microsoft.VisualStudio.Validation.Tests.Portable\Microsoft.VisualStudio.Validation.Tests.Portable.csproj", "{B48344AC-2982-45A9-9459-90C895EBFABF}"
EndProject
Project("{D954291E-2A0B-460D-934E-DC6B0785DB48}") = "Microsoft.VisualStudio.Validation.Tests.Shared", "Microsoft.VisualStudio.Validation.Tests.Shared\Microsoft.VisualStudio.Validation.Tests.Shared.shproj", "{35D55599-B2D6-4368-A296-805AAE17EB04}"
EndProject
Project("{FAE04EC0-301F-11D3-BF4B-00C04F79EFBC}") = "Microsoft.VisualStudio.Validation.Tests.Desktop", "Microsoft.VisualStudio.Validation.Tests.Desktop\Microsoft.VisualStudio.Validation.Tests.Desktop.csproj", "{0527FE43-67A2-454C-BCCC-06B70ADDA84A}"
EndProject
Project("{2150E333-8FDC-42A3-9474-1A3956D46DE8}") = "Solution Items", "Solution Items", "{B0D3F769-14E3-4662-BF0F-8FB7D8A2AF25}"
	ProjectSection(SolutionItems) = preProject
		..\EnlistmentInfo.props = ..\EnlistmentInfo.props
		..\EnlistmentInfo.targets = ..\EnlistmentInfo.targets
		..\nuget.config = ..\nuget.config
		..\version.json = ..\version.json
	EndProjectSection
EndProject
Project("{FAE04EC0-301F-11D3-BF4B-00C04F79EFBC}") = "Microsoft.VisualStudio.Validation", "Microsoft.VisualStudio.Validation\Microsoft.VisualStudio.Validation.csproj", "{4D36901F-A937-4A2F-B086-CB2CD4DFB3FB}"
EndProject
Global
	GlobalSection(SharedMSBuildProjectFiles) = preSolution
		Microsoft.VisualStudio.Validation.Tests.Shared\Microsoft.VisualStudio.Validation.Tests.Shared.projitems*{0527fe43-67a2-454c-bccc-06b70adda84a}*SharedItemsImports = 4
		Microsoft.VisualStudio.Validation.Tests.Shared\Microsoft.VisualStudio.Validation.Tests.Shared.projitems*{35d55599-b2d6-4368-a296-805aae17eb04}*SharedItemsImports = 13
		Microsoft.VisualStudio.Validation.Tests.Shared\Microsoft.VisualStudio.Validation.Tests.Shared.projitems*{b48344ac-2982-45a9-9459-90c895ebfabf}*SharedItemsImports = 4
	EndGlobalSection
	GlobalSection(SolutionConfigurationPlatforms) = preSolution
		Debug|Any CPU = Debug|Any CPU
		Debug|x64 = Debug|x64
		Debug|x86 = Debug|x86
		Release|Any CPU = Release|Any CPU
		Release|x64 = Release|x64
		Release|x86 = Release|x86
	EndGlobalSection
	GlobalSection(ProjectConfigurationPlatforms) = postSolution
		{B48344AC-2982-45A9-9459-90C895EBFABF}.Debug|Any CPU.ActiveCfg = Debug|Any CPU
		{B48344AC-2982-45A9-9459-90C895EBFABF}.Debug|Any CPU.Build.0 = Debug|Any CPU
		{B48344AC-2982-45A9-9459-90C895EBFABF}.Debug|x64.ActiveCfg = Debug|Any CPU
		{B48344AC-2982-45A9-9459-90C895EBFABF}.Debug|x64.Build.0 = Debug|Any CPU
		{B48344AC-2982-45A9-9459-90C895EBFABF}.Debug|x86.ActiveCfg = Debug|Any CPU
		{B48344AC-2982-45A9-9459-90C895EBFABF}.Debug|x86.Build.0 = Debug|Any CPU
		{B48344AC-2982-45A9-9459-90C895EBFABF}.Release|Any CPU.ActiveCfg = Release|Any CPU
		{B48344AC-2982-45A9-9459-90C895EBFABF}.Release|Any CPU.Build.0 = Release|Any CPU
		{B48344AC-2982-45A9-9459-90C895EBFABF}.Release|x64.ActiveCfg = Release|Any CPU
		{B48344AC-2982-45A9-9459-90C895EBFABF}.Release|x64.Build.0 = Release|Any CPU
		{B48344AC-2982-45A9-9459-90C895EBFABF}.Release|x86.ActiveCfg = Release|Any CPU
		{B48344AC-2982-45A9-9459-90C895EBFABF}.Release|x86.Build.0 = Release|Any CPU
		{0527FE43-67A2-454C-BCCC-06B70ADDA84A}.Debug|Any CPU.ActiveCfg = Debug|Any CPU
		{0527FE43-67A2-454C-BCCC-06B70ADDA84A}.Debug|Any CPU.Build.0 = Debug|Any CPU
		{0527FE43-67A2-454C-BCCC-06B70ADDA84A}.Debug|x64.ActiveCfg = Debug|Any CPU
		{0527FE43-67A2-454C-BCCC-06B70ADDA84A}.Debug|x64.Build.0 = Debug|Any CPU
		{0527FE43-67A2-454C-BCCC-06B70ADDA84A}.Debug|x86.ActiveCfg = Debug|Any CPU
		{0527FE43-67A2-454C-BCCC-06B70ADDA84A}.Debug|x86.Build.0 = Debug|Any CPU
		{0527FE43-67A2-454C-BCCC-06B70ADDA84A}.Release|Any CPU.ActiveCfg = Release|Any CPU
		{0527FE43-67A2-454C-BCCC-06B70ADDA84A}.Release|Any CPU.Build.0 = Release|Any CPU
		{0527FE43-67A2-454C-BCCC-06B70ADDA84A}.Release|x64.ActiveCfg = Release|Any CPU
		{0527FE43-67A2-454C-BCCC-06B70ADDA84A}.Release|x64.Build.0 = Release|Any CPU
		{0527FE43-67A2-454C-BCCC-06B70ADDA84A}.Release|x86.ActiveCfg = Release|Any CPU
		{0527FE43-67A2-454C-BCCC-06B70ADDA84A}.Release|x86.Build.0 = Release|Any CPU
		{4D36901F-A937-4A2F-B086-CB2CD4DFB3FB}.Debug|Any CPU.ActiveCfg = Debug|Any CPU
		{4D36901F-A937-4A2F-B086-CB2CD4DFB3FB}.Debug|Any CPU.Build.0 = Debug|Any CPU
		{4D36901F-A937-4A2F-B086-CB2CD4DFB3FB}.Debug|x64.ActiveCfg = Debug|x64
		{4D36901F-A937-4A2F-B086-CB2CD4DFB3FB}.Debug|x64.Build.0 = Debug|x64
		{4D36901F-A937-4A2F-B086-CB2CD4DFB3FB}.Debug|x86.ActiveCfg = Debug|x86
		{4D36901F-A937-4A2F-B086-CB2CD4DFB3FB}.Debug|x86.Build.0 = Debug|x86
		{4D36901F-A937-4A2F-B086-CB2CD4DFB3FB}.Release|Any CPU.ActiveCfg = Release|Any CPU
		{4D36901F-A937-4A2F-B086-CB2CD4DFB3FB}.Release|Any CPU.Build.0 = Release|Any CPU
		{4D36901F-A937-4A2F-B086-CB2CD4DFB3FB}.Release|x64.ActiveCfg = Release|x64
		{4D36901F-A937-4A2F-B086-CB2CD4DFB3FB}.Release|x64.Build.0 = Release|x64
		{4D36901F-A937-4A2F-B086-CB2CD4DFB3FB}.Release|x86.ActiveCfg = Release|x86
		{4D36901F-A937-4A2F-B086-CB2CD4DFB3FB}.Release|x86.Build.0 = Release|x86
	EndGlobalSection
	GlobalSection(SolutionProperties) = preSolution
		HideSolutionNode = FALSE
	EndGlobalSection
EndGlobal
